
Microsoft Visual Studio Solution File, Format Version 12.00
# Visual Studio Version 16
VisualStudioVersion = 16.0.33328.57
MinimumVisualStudioVersion = 10.0.40219.1
Project("{FAE04EC0-301F-11D3-BF4B-00C04F79EFBC}") = "lab10FORM", "lab10FORM\lab10FORM.csproj", "{30AE0B0E-D7AA-42EC-A3C5-D6BB1F524DAB}"
EndProject
Global
	GlobalSection(SolutionConfigurationPlatforms) = preSolution
		Debug|Any CPU = Debug|Any CPU
		Release|Any CPU = Release|Any CPU
	EndGlobalSection
	GlobalSection(ProjectConfigurationPlatforms) = postSolution
		{30AE0B0E-D7AA-42EC-A3C5-D6BB1F524DAB}.Debug|Any CPU.ActiveCfg = Debug|Any CPU
		{30AE0B0E-D7AA-42EC-A3C5-D6BB1F524DAB}.Debug|Any CPU.Build.0 = Debug|Any CPU
		{30AE0B0E-D7AA-42EC-A3C5-D6BB1F524DAB}.Release|Any CPU.ActiveCfg = Release|Any CPU
		{30AE0B0E-D7AA-42EC-A3C5-D6BB1F524DAB}.Release|Any CPU.Build.0 = Release|Any CPU
	EndGlobalSection
	GlobalSection(SolutionProperties) = preSolution
		HideSolutionNode = FALSE
	EndGlobalSection
	GlobalSection(ExtensibilityGlobals) = postSolution
		SolutionGuid = {5EA834C1-F37B-468B-A9E6-9AAA35F2B655}
	EndGlobalSection
EndGlobal
